
Microsoft Visual Studio Solution File, Format Version 12.00
# Visual Studio Version 16
VisualStudioVersion = 16.0.31025.194
MinimumVisualStudioVersion = 10.0.40219.1
Project("{9A19103F-16F7-4668-BE54-9A1E7A4F7556}") = "AdvancedCompressionMethods", "AdvancedCompressionMethods\AdvancedCompressionMethods.csproj", "{E12FEFAB-46E2-49E5-86E9-BAF014462102}"
EndProject
Project("{9A19103F-16F7-4668-BE54-9A1E7A4F7556}") = "AdvancedCompressionMethods.FileOperations", "AdvancedCompressionMethods.FileOperations\AdvancedCompressionMethods.FileOperations.csproj", "{9B0D13C0-1D59-4AB7-AB8B-0DC923EE91B0}"
EndProject
Project("{2150E333-8FDC-42A3-9474-1A3956D46DE8}") = "Tests", "Tests", "{C5849419-3876-40D2-B1B1-B5DB8A6D23CA}"
EndProject
Project("{9A19103F-16F7-4668-BE54-9A1E7A4F7556}") = "AdvancedCompressionMethods.FileOperations.IntegrationTests", "AdvancedCompressionMethods.FileOperations.IntegrationTests\AdvancedCompressionMethods.FileOperations.IntegrationTests.csproj", "{69750931-67A5-4E0A-9DCD-877DB1439E37}"
EndProject
Project("{9A19103F-16F7-4668-BE54-9A1E7A4F7556}") = "AdvancedCompressionMethods.Tests.Common", "AdvancedCompressionMethods.Tests.Common\AdvancedCompressionMethods.Tests.Common.csproj", "{56680906-E620-4AB3-94E5-5FAE18AA4A8B}"
EndProject
Project("{9A19103F-16F7-4668-BE54-9A1E7A4F7556}") = "AdvancedCompressionMethods.ArithmeticCoding", "AdvancedCompressionMethods.ArithmeticCoding\AdvancedCompressionMethods.ArithmeticCoding.csproj", "{F5346B13-34E3-4408-8561-B31D90F90D8F}"
EndProject
Project("{9A19103F-16F7-4668-BE54-9A1E7A4F7556}") = "AdvancedCompressionMethods.DI", "AdvancedCompressionMethods.DI\AdvancedCompressionMethods.DI.csproj", "{3E2372A7-5378-4C33-B36A-0CD6D090F8C2}"
EndProject
Project("{9A19103F-16F7-4668-BE54-9A1E7A4F7556}") = "AdvancedCompressionMethods.ArithmeticCoding.IntegrationTests", "AdvancedCompressionMethods.ArithmeticCoding.IntegrationTests\AdvancedCompressionMethods.ArithmeticCoding.IntegrationTests.csproj", "{33ED352F-736F-4FA2-A9AF-8F228DAF5051}"
EndProject
Project("{2150E333-8FDC-42A3-9474-1A3956D46DE8}") = "Benchmarks", "Benchmarks", "{B2D642F1-EBCC-42C3-AAED-E5454A082846}"
EndProject
Project("{9A19103F-16F7-4668-BE54-9A1E7A4F7556}") = "AdvancedCompressionMethods.FileOperations.Benchmark", "AdvancedCompressionMethods.FileOperations.Benchmark\AdvancedCompressionMethods.FileOperations.Benchmark.csproj", "{504640E0-96B3-47F7-ACA2-F932A317692A}"
EndProject
Project("{FAE04EC0-301F-11D3-BF4B-00C04F79EFBC}") = "AdvancedCompressionMethods.NearLosslessPredictiveCoding", "AdvancedCompressionMethods.NearLosslessPredictiveCoding\AdvancedCompressionMethods.NearLosslessPredictiveCoding.csproj", "{60359E4D-9655-4E59-A883-B27F80882178}"
EndProject
Global
	GlobalSection(SolutionConfigurationPlatforms) = preSolution
		Debug|Any CPU = Debug|Any CPU
		Release|Any CPU = Release|Any CPU
	EndGlobalSection
	GlobalSection(ProjectConfigurationPlatforms) = postSolution
		{E12FEFAB-46E2-49E5-86E9-BAF014462102}.Debug|Any CPU.ActiveCfg = Debug|Any CPU
		{E12FEFAB-46E2-49E5-86E9-BAF014462102}.Debug|Any CPU.Build.0 = Debug|Any CPU
		{E12FEFAB-46E2-49E5-86E9-BAF014462102}.Release|Any CPU.ActiveCfg = Release|Any CPU
		{E12FEFAB-46E2-49E5-86E9-BAF014462102}.Release|Any CPU.Build.0 = Release|Any CPU
		{9B0D13C0-1D59-4AB7-AB8B-0DC923EE91B0}.Debug|Any CPU.ActiveCfg = Debug|Any CPU
		{9B0D13C0-1D59-4AB7-AB8B-0DC923EE91B0}.Debug|Any CPU.Build.0 = Debug|Any CPU
		{9B0D13C0-1D59-4AB7-AB8B-0DC923EE91B0}.Release|Any CPU.ActiveCfg = Release|Any CPU
		{9B0D13C0-1D59-4AB7-AB8B-0DC923EE91B0}.Release|Any CPU.Build.0 = Release|Any CPU
		{69750931-67A5-4E0A-9DCD-877DB1439E37}.Debug|Any CPU.ActiveCfg = Debug|Any CPU
		{69750931-67A5-4E0A-9DCD-877DB1439E37}.Debug|Any CPU.Build.0 = Debug|Any CPU
		{69750931-67A5-4E0A-9DCD-877DB1439E37}.Release|Any CPU.ActiveCfg = Release|Any CPU
		{69750931-67A5-4E0A-9DCD-877DB1439E37}.Release|Any CPU.Build.0 = Release|Any CPU
		{56680906-E620-4AB3-94E5-5FAE18AA4A8B}.Debug|Any CPU.ActiveCfg = Debug|Any CPU
		{56680906-E620-4AB3-94E5-5FAE18AA4A8B}.Debug|Any CPU.Build.0 = Debug|Any CPU
		{56680906-E620-4AB3-94E5-5FAE18AA4A8B}.Release|Any CPU.ActiveCfg = Release|Any CPU
		{56680906-E620-4AB3-94E5-5FAE18AA4A8B}.Release|Any CPU.Build.0 = Release|Any CPU
		{F5346B13-34E3-4408-8561-B31D90F90D8F}.Debug|Any CPU.ActiveCfg = Debug|Any CPU
		{F5346B13-34E3-4408-8561-B31D90F90D8F}.Debug|Any CPU.Build.0 = Debug|Any CPU
		{F5346B13-34E3-4408-8561-B31D90F90D8F}.Release|Any CPU.ActiveCfg = Release|Any CPU
		{F5346B13-34E3-4408-8561-B31D90F90D8F}.Release|Any CPU.Build.0 = Release|Any CPU
		{3E2372A7-5378-4C33-B36A-0CD6D090F8C2}.Debug|Any CPU.ActiveCfg = Debug|Any CPU
		{3E2372A7-5378-4C33-B36A-0CD6D090F8C2}.Debug|Any CPU.Build.0 = Debug|Any CPU
		{3E2372A7-5378-4C33-B36A-0CD6D090F8C2}.Release|Any CPU.ActiveCfg = Release|Any CPU
		{3E2372A7-5378-4C33-B36A-0CD6D090F8C2}.Release|Any CPU.Build.0 = Release|Any CPU
		{33ED352F-736F-4FA2-A9AF-8F228DAF5051}.Debug|Any CPU.ActiveCfg = Debug|Any CPU
		{33ED352F-736F-4FA2-A9AF-8F228DAF5051}.Debug|Any CPU.Build.0 = Debug|Any CPU
		{33ED352F-736F-4FA2-A9AF-8F228DAF5051}.Release|Any CPU.ActiveCfg = Release|Any CPU
		{33ED352F-736F-4FA2-A9AF-8F228DAF5051}.Release|Any CPU.Build.0 = Release|Any CPU
		{504640E0-96B3-47F7-ACA2-F932A317692A}.Debug|Any CPU.ActiveCfg = Debug|Any CPU
		{504640E0-96B3-47F7-ACA2-F932A317692A}.Debug|Any CPU.Build.0 = Debug|Any CPU
		{504640E0-96B3-47F7-ACA2-F932A317692A}.Release|Any CPU.ActiveCfg = Release|Any CPU
		{504640E0-96B3-47F7-ACA2-F932A317692A}.Release|Any CPU.Build.0 = Release|Any CPU
		{60359E4D-9655-4E59-A883-B27F80882178}.Debug|Any CPU.ActiveCfg = Debug|Any CPU
		{60359E4D-9655-4E59-A883-B27F80882178}.Debug|Any CPU.Build.0 = Debug|Any CPU
		{60359E4D-9655-4E59-A883-B27F80882178}.Release|Any CPU.ActiveCfg = Release|Any CPU
		{60359E4D-9655-4E59-A883-B27F80882178}.Release|Any CPU.Build.0 = Release|Any CPU
	EndGlobalSection
	GlobalSection(SolutionProperties) = preSolution
		HideSolutionNode = FALSE
	EndGlobalSection
	GlobalSection(NestedProjects) = preSolution
		{69750931-67A5-4E0A-9DCD-877DB1439E37} = {C5849419-3876-40D2-B1B1-B5DB8A6D23CA}
		{56680906-E620-4AB3-94E5-5FAE18AA4A8B} = {C5849419-3876-40D2-B1B1-B5DB8A6D23CA}
		{33ED352F-736F-4FA2-A9AF-8F228DAF5051} = {C5849419-3876-40D2-B1B1-B5DB8A6D23CA}
		{504640E0-96B3-47F7-ACA2-F932A317692A} = {B2D642F1-EBCC-42C3-AAED-E5454A082846}
	EndGlobalSection
	GlobalSection(ExtensibilityGlobals) = postSolution
		SolutionGuid = {F35C4849-5000-42C4-BB15-34507BF7A5E4}
	EndGlobalSection
EndGlobal
